// !$*UTF8*$!
{
	archiveVersion = 1;
	classes = {
	};
	objectVersion = 56;
	objects = {

/* Begin PBXBuildFile section */
		6007BBFE2B73A31E00D024D4 /* SimmaSampleApp.swift in Sources */ = {isa = PBXBuildFile; fileRef = 6007BBFD2B73A31E00D024D4 /* SimmaSampleApp.swift */; };
		6007BC002B73A31E00D024D4 /* ContentView.swift in Sources */ = {isa = PBXBuildFile; fileRef = 6007BBFF2B73A31E00D024D4 /* ContentView.swift */; };
		6007BC022B73A31F00D024D4 /* Assets.xcassets in Resources */ = {isa = PBXBuildFile; fileRef = 6007BC012B73A31F00D024D4 /* Assets.xcassets */; };
		6007BC052B73A31F00D024D4 /* Preview Assets.xcassets in Resources */ = {isa = PBXBuildFile; fileRef = 6007BC042B73A31F00D024D4 /* Preview Assets.xcassets */; };
		6007BC0F2B73A4EC00D024D4 /* NavHolderScreen.swift in Sources */ = {isa = PBXBuildFile; fileRef = 6007BC0E2B73A4EC00D024D4 /* NavHolderScreen.swift */; };
		6007BC112B73A51200D024D4 /* HomeScreen.swift in Sources */ = {isa = PBXBuildFile; fileRef = 6007BC102B73A51200D024D4 /* HomeScreen.swift */; };
		6007BC142B73A54600D024D4 /* SettingScreen.swift in Sources */ = {isa = PBXBuildFile; fileRef = 6007BC132B73A54600D024D4 /* SettingScreen.swift */; };
		6007BC172B73ACA800D024D4 /* WebViewScreen.swift in Sources */ = {isa = PBXBuildFile; fileRef = 6007BC162B73ACA800D024D4 /* WebViewScreen.swift */; };
		6007BC1B2B74B60600D024D4 /* SheinStoreScreen.swift in Sources */ = {isa = PBXBuildFile; fileRef = 6007BC1A2B74B60600D024D4 /* SheinStoreScreen.swift */; };
		6007BC1F2B761F6600D024D4 /* SheinHelper.swift in Sources */ = {isa = PBXBuildFile; fileRef = 6007BC1E2B761F6600D024D4 /* SheinHelper.swift */; };
		6007BC252B7665F300D024D4 /* SheinViewModel.swift in Sources */ = {isa = PBXBuildFile; fileRef = 6007BC242B7665F300D024D4 /* SheinViewModel.swift */; };
		6007BC282B766D6200D024D4 /* SheinItemModel.swift in Sources */ = {isa = PBXBuildFile; fileRef = 6007BC272B766D6200D024D4 /* SheinItemModel.swift */; };
/* End PBXBuildFile section */

/* Begin PBXFileReference section */
		6007BBFA2B73A31E00D024D4 /* SimmaSample.app */ = {isa = PBXFileReference; explicitFileType = wrapper.application; includeInIndex = 0; path = SimmaSample.app; sourceTree = BUILT_PRODUCTS_DIR; };
		6007BBFD2B73A31E00D024D4 /* SimmaSampleApp.swift */ = {isa = PBXFileReference; lastKnownFileType = sourcecode.swift; path = SimmaSampleApp.swift; sourceTree = "<group>"; };
		6007BBFF2B73A31E00D024D4 /* ContentView.swift */ = {isa = PBXFileReference; lastKnownFileType = sourcecode.swift; path = ContentView.swift; sourceTree = "<group>"; };
		6007BC012B73A31F00D024D4 /* Assets.xcassets */ = {isa = PBXFileReference; lastKnownFileType = folder.assetcatalog; path = Assets.xcassets; sourceTree = "<group>"; };
		6007BC042B73A31F00D024D4 /* Preview Assets.xcassets */ = {isa = PBXFileReference; lastKnownFileType = folder.assetcatalog; path = "Preview Assets.xcassets"; sourceTree = "<group>"; };
		6007BC0E2B73A4EC00D024D4 /* NavHolderScreen.swift */ = {isa = PBXFileReference; lastKnownFileType = sourcecode.swift; path = NavHolderScreen.swift; sourceTree = "<group>"; };
		6007BC102B73A51200D024D4 /* HomeScreen.swift */ = {isa = PBXFileReference; lastKnownFileType = sourcecode.swift; path = HomeScreen.swift; sourceTree = "<group>"; };
		6007BC132B73A54600D024D4 /* SettingScreen.swift */ = {isa = PBXFileReference; lastKnownFileType = sourcecode.swift; path = SettingScreen.swift; sourceTree = "<group>"; };
		6007BC162B73ACA800D024D4 /* WebViewScreen.swift */ = {isa = PBXFileReference; lastKnownFileType = sourcecode.swift; path = WebViewScreen.swift; sourceTree = "<group>"; };
		6007BC182B74023100D024D4 /* Info.plist */ = {isa = PBXFileReference; lastKnownFileType = text.plist; path = Info.plist; sourceTree = "<group>"; };
		6007BC1A2B74B60600D024D4 /* SheinStoreScreen.swift */ = {isa = PBXFileReference; lastKnownFileType = sourcecode.swift; path = SheinStoreScreen.swift; sourceTree = "<group>"; };
		6007BC1E2B761F6600D024D4 /* SheinHelper.swift */ = {isa = PBXFileReference; lastKnownFileType = sourcecode.swift; path = SheinHelper.swift; sourceTree = "<group>"; };
		6007BC242B7665F300D024D4 /* SheinViewModel.swift */ = {isa = PBXFileReference; lastKnownFileType = sourcecode.swift; path = SheinViewModel.swift; sourceTree = "<group>"; };
		6007BC272B766D6200D024D4 /* SheinItemModel.swift */ = {isa = PBXFileReference; lastKnownFileType = sourcecode.swift; path = SheinItemModel.swift; sourceTree = "<group>"; };
/* End PBXFileReference section */

/* Begin PBXFrameworksBuildPhase section */
		6007BBF72B73A31E00D024D4 /* Frameworks */ = {
			isa = PBXFrameworksBuildPhase;
			buildActionMask = 2147483647;
			files = (
			);
			runOnlyForDeploymentPostprocessing = 0;
		};
/* End PBXFrameworksBuildPhase section */

/* Begin PBXGroup section */
		6007BBF12B73A31E00D024D4 = {
			isa = PBXGroup;
			children = (
				6007BBFC2B73A31E00D024D4 /* SimmaSample */,
				6007BBFB2B73A31E00D024D4 /* Products */,
			);
			sourceTree = "<group>";
		};
		6007BBFB2B73A31E00D024D4 /* Products */ = {
			isa = PBXGroup;
			children = (
				6007BBFA2B73A31E00D024D4 /* SimmaSample.app */,
			);
			name = Products;
			sourceTree = "<group>";
		};
		6007BBFC2B73A31E00D024D4 /* SimmaSample */ = {
			isa = PBXGroup;
			children = (
				6007BC182B74023100D024D4 /* Info.plist */,
				6007BC0B2B73A49A00D024D4 /* Features */,
				6007BBFD2B73A31E00D024D4 /* SimmaSampleApp.swift */,
				6007BBFF2B73A31E00D024D4 /* ContentView.swift */,
				6007BC012B73A31F00D024D4 /* Assets.xcassets */,
				6007BC032B73A31F00D024D4 /* Preview Content */,
			);
			path = SimmaSample;
			sourceTree = "<group>";
		};
		6007BC032B73A31F00D024D4 /* Preview Content */ = {
			isa = PBXGroup;
			children = (
				6007BC042B73A31F00D024D4 /* Preview Assets.xcassets */,
			);
			path = "Preview Content";
			sourceTree = "<group>";
		};
		6007BC0B2B73A49A00D024D4 /* Features */ = {
			isa = PBXGroup;
			children = (
				6007BC192B74B5E700D024D4 /* Stores */,
				6007BC152B73AC9900D024D4 /* WebView */,
				6007BC122B73A53400D024D4 /* Setting */,
				6007BC0D2B73A4AE00D024D4 /* Home */,
				6007BC0C2B73A4A500D024D4 /* Navholder */,
			);
			path = Features;
			sourceTree = "<group>";
		};
		6007BC0C2B73A4A500D024D4 /* Navholder */ = {
			isa = PBXGroup;
			children = (
				6007BC232B7620FB00D024D4 /* Presentation */,
			);
			path = Navholder;
			sourceTree = "<group>";
		};
		6007BC0D2B73A4AE00D024D4 /* Home */ = {
			isa = PBXGroup;
			children = (
				6007BC222B7620EB00D024D4 /* Presentatio */,
			);
			path = Home;
			sourceTree = "<group>";
		};
		6007BC122B73A53400D024D4 /* Setting */ = {
			isa = PBXGroup;
			children = (
				6007BC212B7620E100D024D4 /* Presentatio */,
			);
			path = Setting;
			sourceTree = "<group>";
		};
		6007BC152B73AC9900D024D4 /* WebView */ = {
			isa = PBXGroup;
			children = (
				6007BC202B7620D300D024D4 /* Presentation */,
			);
			path = WebView;
			sourceTree = "<group>";
		};
		6007BC192B74B5E700D024D4 /* Stores */ = {
			isa = PBXGroup;
			children = (
				6007BC262B766D5700D024D4 /* Models */,
				6007BC1D2B761F4300D024D4 /* Helpers */,
				6007BC1C2B761F3700D024D4 /* Presentation */,
			);
			path = Stores;
			sourceTree = "<group>";
		};
		6007BC1C2B761F3700D024D4 /* Presentation */ = {
			isa = PBXGroup;
			children = (
				6007BC1A2B74B60600D024D4 /* SheinStoreScreen.swift */,
				6007BC242B7665F300D024D4 /* SheinViewModel.swift */,
			);
			path = Presentation;
			sourceTree = "<group>";
		};
		6007BC1D2B761F4300D024D4 /* Helpers */ = {
			isa = PBXGroup;
			children = (
				6007BC1E2B761F6600D024D4 /* SheinHelper.swift */,
			);
			path = Helpers;
			sourceTree = "<group>";
		};
		6007BC202B7620D300D024D4 /* Presentation */ = {
			isa = PBXGroup;
			children = (
				6007BC162B73ACA800D024D4 /* WebViewScreen.swift */,
			);
			path = Presentation;
			sourceTree = "<group>";
		};
		6007BC212B7620E100D024D4 /* Presentatio */ = {
			isa = PBXGroup;
			children = (
				6007BC132B73A54600D024D4 /* SettingScreen.swift */,
			);
			path = Presentatio;
			sourceTree = "<group>";
		};
		6007BC222B7620EB00D024D4 /* Presentatio */ = {
			isa = PBXGroup;
			children = (
				6007BC102B73A51200D024D4 /* HomeScreen.swift */,
			);
			path = Presentatio;
			sourceTree = "<group>";
		};
		6007BC232B7620FB00D024D4 /* Presentation */ = {
			isa = PBXGroup;
			children = (
				6007BC0E2B73A4EC00D024D4 /* NavHolderScreen.swift */,
			);
			path = Presentation;
			sourceTree = "<group>";
		};
		6007BC262B766D5700D024D4 /* Models */ = {
			isa = PBXGroup;
			children = (
				6007BC272B766D6200D024D4 /* SheinItemModel.swift */,
			);
			path = Models;
			sourceTree = "<group>";
		};
/* End PBXGroup section */

/* Begin PBXNativeTarget section */
		6007BBF92B73A31E00D024D4 /* SimmaSample */ = {
			isa = PBXNativeTarget;
			buildConfigurationList = 6007BC082B73A31F00D024D4 /* Build configuration list for PBXNativeTarget "SimmaSample" */;
			buildPhases = (
				6007BBF62B73A31E00D024D4 /* Sources */,
				6007BBF72B73A31E00D024D4 /* Frameworks */,
				6007BBF82B73A31E00D024D4 /* Resources */,
			);
			buildRules = (
			);
			dependencies = (
			);
			name = SimmaSample;
			productName = SimmaSample;
			productReference = 6007BBFA2B73A31E00D024D4 /* SimmaSample.app */;
			productType = "com.apple.product-type.application";
		};
/* End PBXNativeTarget section */

/* Begin PBXProject section */
		6007BBF22B73A31E00D024D4 /* Project object */ = {
			isa = PBXProject;
			attributes = {
				BuildIndependentTargetsInParallel = 1;
				LastSwiftUpdateCheck = 1500;
				LastUpgradeCheck = 1500;
				TargetAttributes = {
					6007BBF92B73A31E00D024D4 = {
						CreatedOnToolsVersion = 15.0.1;
					};
				};
			};
			buildConfigurationList = 6007BBF52B73A31E00D024D4 /* Build configuration list for PBXProject "SimmaSample" */;
			compatibilityVersion = "Xcode 14.0";
			developmentRegion = en;
			hasScannedForEncodings = 0;
			knownRegions = (
				en,
				Base,
			);
			mainGroup = 6007BBF12B73A31E00D024D4;
			productRefGroup = 6007BBFB2B73A31E00D024D4 /* Products */;
			projectDirPath = "";
			projectRoot = "";
			targets = (
				6007BBF92B73A31E00D024D4 /* SimmaSample */,
			);
		};
/* End PBXProject section */

/* Begin PBXResourcesBuildPhase section */
		6007BBF82B73A31E00D024D4 /* Resources */ = {
			isa = PBXResourcesBuildPhase;
			buildActionMask = 2147483647;
			files = (
				6007BC052B73A31F00D024D4 /* Preview Assets.xcassets in Resources */,
				6007BC022B73A31F00D024D4 /* Assets.xcassets in Resources */,
			);
			runOnlyForDeploymentPostprocessing = 0;
		};
/* End PBXResourcesBuildPhase section */

/* Begin PBXSourcesBuildPhase section */
		6007BBF62B73A31E00D024D4 /* Sources */ = {
			isa = PBXSourcesBuildPhase;
			buildActionMask = 2147483647;
			files = (
				6007BC142B73A54600D024D4 /* SettingScreen.swift in Sources */,
				6007BC112B73A51200D024D4 /* HomeScreen.swift in Sources */,
				6007BC002B73A31E00D024D4 /* ContentView.swift in Sources */,
				6007BC1F2B761F6600D024D4 /* SheinHelper.swift in Sources */,
				6007BC172B73ACA800D024D4 /* WebViewScreen.swift in Sources */,
				6007BC0F2B73A4EC00D024D4 /* NavHolderScreen.swift in Sources */,
				6007BC282B766D6200D024D4 /* SheinItemModel.swift in Sources */,
				6007BC252B7665F300D024D4 /* SheinViewModel.swift in Sources */,
				6007BBFE2B73A31E00D024D4 /* SimmaSampleApp.swift in Sources */,
				6007BC1B2B74B60600D024D4 /* SheinStoreScreen.swift in Sources */,
			);
			runOnlyForDeploymentPostprocessing = 0;
		};
/* End PBXSourcesBuildPhase section */

/* Begin XCBuildConfiguration section */
		6007BC062B73A31F00D024D4 /* Debug */ = {
			isa = XCBuildConfiguration;
			buildSettings = {
				ALWAYS_SEARCH_USER_PATHS = NO;
				ASSETCATALOG_COMPILER_GENERATE_SWIFT_ASSET_SYMBOL_EXTENSIONS = YES;
				CLANG_ANALYZER_NONNULL = YES;
				CLANG_ANALYZER_NUMBER_OBJECT_CONVERSION = YES_AGGRESSIVE;
				CLANG_CXX_LANGUAGE_STANDARD = "gnu++20";
				CLANG_ENABLE_MODULES = YES;
				CLANG_ENABLE_OBJC_ARC = YES;
				CLANG_ENABLE_OBJC_WEAK = YES;
				CLANG_WARN_BLOCK_CAPTURE_AUTORELEASING = YES;
				CLANG_WARN_BOOL_CONVERSION = YES;
				CLANG_WARN_COMMA = YES;
				CLANG_WARN_CONSTANT_CONVERSION = YES;
				CLANG_WARN_DEPRECATED_OBJC_IMPLEMENTATIONS = YES;
				CLANG_WARN_DIRECT_OBJC_ISA_USAGE = YES_ERROR;
				CLANG_WARN_DOCUMENTATION_COMMENTS = YES;
				CLANG_WARN_EMPTY_BODY = YES;
				CLANG_WARN_ENUM_CONVERSION = YES;
				CLANG_WARN_INFINITE_RECURSION = YES;
				CLANG_WARN_INT_CONVERSION = YES;
				CLANG_WARN_NON_LITERAL_NULL_CONVERSION = YES;
				CLANG_WARN_OBJC_IMPLICIT_RETAIN_SELF = YES;
				CLANG_WARN_OBJC_LITERAL_CONVERSION = YES;
				CLANG_WARN_OBJC_ROOT_CLASS = YES_ERROR;
				CLANG_WARN_QUOTED_INCLUDE_IN_FRAMEWORK_HEADER = YES;
				CLANG_WARN_RANGE_LOOP_ANALYSIS = YES;
				CLANG_WARN_STRICT_PROTOTYPES = YES;
				CLANG_WARN_SUSPICIOUS_MOVE = YES;
				CLANG_WARN_UNGUARDED_AVAILABILITY = YES_AGGRESSIVE;
				CLANG_WARN_UNREACHABLE_CODE = YES;
				CLANG_WARN__DUPLICATE_METHOD_MATCH = YES;
				COPY_PHASE_STRIP = NO;
				DEBUG_INFORMATION_FORMAT = dwarf;
				ENABLE_STRICT_OBJC_MSGSEND = YES;
				ENABLE_TESTABILITY = YES;
				ENABLE_USER_SCRIPT_SANDBOXING = YES;
				GCC_C_LANGUAGE_STANDARD = gnu17;
				GCC_DYNAMIC_NO_PIC = NO;
				GCC_NO_COMMON_BLOCKS = YES;
				GCC_OPTIMIZATION_LEVEL = 0;
				GCC_PREPROCESSOR_DEFINITIONS = (
					"DEBUG=1",
					"$(inherited)",
				);
				GCC_WARN_64_TO_32_BIT_CONVERSION = YES;
				GCC_WARN_ABOUT_RETURN_TYPE = YES_ERROR;
				GCC_WARN_UNDECLARED_SELECTOR = YES;
				GCC_WARN_UNINITIALIZED_AUTOS = YES_AGGRESSIVE;
				GCC_WARN_UNUSED_FUNCTION = YES;
				GCC_WARN_UNUSED_VARIABLE = YES;
				IPHONEOS_DEPLOYMENT_TARGET = 17.0;
				LOCALIZATION_PREFERS_STRING_CATALOGS = YES;
				MTL_ENABLE_DEBUG_INFO = INCLUDE_SOURCE;
				MTL_FAST_MATH = YES;
				ONLY_ACTIVE_ARCH = YES;
				SDKROOT = iphoneos;
				SWIFT_ACTIVE_COMPILATION_CONDITIONS = "DEBUG $(inherited)";
				SWIFT_OPTIMIZATION_LEVEL = "-Onone";
			};
			name = Debug;
		};
		6007BC072B73A31F00D024D4 /* Release */ = {
			isa = XCBuildConfiguration;
			buildSettings = {
				ALWAYS_SEARCH_USER_PATHS = NO;
				ASSETCATALOG_COMPILER_GENERATE_SWIFT_ASSET_SYMBOL_EXTENSIONS = YES;
				CLANG_ANALYZER_NONNULL = YES;
				CLANG_ANALYZER_NUMBER_OBJECT_CONVERSION = YES_AGGRESSIVE;
				CLANG_CXX_LANGUAGE_STANDARD = "gnu++20";
				CLANG_ENABLE_MODULES = YES;
				CLANG_ENABLE_OBJC_ARC = YES;
				CLANG_ENABLE_OBJC_WEAK = YES;
				CLANG_WARN_BLOCK_CAPTURE_AUTORELEASING = YES;
				CLANG_WARN_BOOL_CONVERSION = YES;
				CLANG_WARN_COMMA = YES;
				CLANG_WARN_CONSTANT_CONVERSION = YES;
				CLANG_WARN_DEPRECATED_OBJC_IMPLEMENTATIONS = YES;
				CLANG_WARN_DIRECT_OBJC_ISA_USAGE = YES_ERROR;
				CLANG_WARN_DOCUMENTATION_COMMENTS = YES;
				CLANG_WARN_EMPTY_BODY = YES;
				CLANG_WARN_ENUM_CONVERSION = YES;
				CLANG_WARN_INFINITE_RECURSION = YES;
				CLANG_WARN_INT_CONVERSION = YES;
				CLANG_WARN_NON_LITERAL_NULL_CONVERSION = YES;
				CLANG_WARN_OBJC_IMPLICIT_RETAIN_SELF = YES;
				CLANG_WARN_OBJC_LITERAL_CONVERSION = YES;
				CLANG_WARN_OBJC_ROOT_CLASS = YES_ERROR;
				CLANG_WARN_QUOTED_INCLUDE_IN_FRAMEWORK_HEADER = YES;
				CLANG_WARN_RANGE_LOOP_ANALYSIS = YES;
				CLANG_WARN_STRICT_PROTOTYPES = YES;
				CLANG_WARN_SUSPICIOUS_MOVE = YES;
				CLANG_WARN_UNGUARDED_AVAILABILITY = YES_AGGRESSIVE;
				CLANG_WARN_UNREACHABLE_CODE = YES;
				CLANG_WARN__DUPLICATE_METHOD_MATCH = YES;
				COPY_PHASE_STRIP = NO;
				DEBUG_INFORMATION_FORMAT = "dwarf-with-dsym";
				ENABLE_NS_ASSERTIONS = NO;
				ENABLE_STRICT_OBJC_MSGSEND = YES;
				ENABLE_USER_SCRIPT_SANDBOXING = YES;
				GCC_C_LANGUAGE_STANDARD = gnu17;
				GCC_NO_COMMON_BLOCKS = YES;
				GCC_WARN_64_TO_32_BIT_CONVERSION = YES;
				GCC_WARN_ABOUT_RETURN_TYPE = YES_ERROR;
				GCC_WARN_UNDECLARED_SELECTOR = YES;
				GCC_WARN_UNINITIALIZED_AUTOS = YES_AGGRESSIVE;
				GCC_WARN_UNUSED_FUNCTION = YES;
				GCC_WARN_UNUSED_VARIABLE = YES;
				IPHONEOS_DEPLOYMENT_TARGET = 17.0;
				LOCALIZATION_PREFERS_STRING_CATALOGS = YES;
				MTL_ENABLE_DEBUG_INFO = NO;
				MTL_FAST_MATH = YES;
				SDKROOT = iphoneos;
				SWIFT_COMPILATION_MODE = wholemodule;
				VALIDATE_PRODUCT = YES;
			};
			name = Release;
		};
		6007BC092B73A31F00D024D4 /* Debug */ = {
			isa = XCBuildConfiguration;
			buildSettings = {
				ASSETCATALOG_COMPILER_APPICON_NAME = AppIcon;
				ASSETCATALOG_COMPILER_GLOBAL_ACCENT_COLOR_NAME = AccentColor;
				CODE_SIGN_STYLE = Automatic;
				CURRENT_PROJECT_VERSION = 1;
				DEVELOPMENT_ASSET_PATHS = "\"SimmaSample/Preview Content\"";
				DEVELOPMENT_TEAM = GB3YZ5D3TJ;
				ENABLE_PREVIEWS = YES;
				GENERATE_INFOPLIST_FILE = YES;
				INFOPLIST_FILE = SimmaSample/Info.plist;
				INFOPLIST_KEY_UIApplicationSceneManifest_Generation = YES;
				INFOPLIST_KEY_UIApplicationSupportsIndirectInputEvents = YES;
				INFOPLIST_KEY_UILaunchScreen_Generation = YES;
				INFOPLIST_KEY_UISupportedInterfaceOrientations_iPad = "UIInterfaceOrientationPortrait UIInterfaceOrientationPortraitUpsideDown UIInterfaceOrientationLandscapeLeft UIInterfaceOrientationLandscapeRight";
				INFOPLIST_KEY_UISupportedInterfaceOrientations_iPhone = "UIInterfaceOrientationPortrait UIInterfaceOrientationLandscapeLeft UIInterfaceOrientationLandscapeRight";
				LD_RUNPATH_SEARCH_PATHS = (
					"$(inherited)",
					"@executable_path/Frameworks",
				);
				MARKETING_VERSION = 1.0;
				PRODUCT_BUNDLE_IDENTIFIER = com.hoslab.SimmaSample;
				PRODUCT_NAME = "$(TARGET_NAME)";
				SWIFT_EMIT_LOC_STRINGS = YES;
				SWIFT_VERSION = 5.0;
				TARGETED_DEVICE_FAMILY = "1,2";
			};
			name = Debug;
		};
		6007BC0A2B73A31F00D024D4 /* Release */ = {
			isa = XCBuildConfiguration;
			buildSettings = {
				ASSETCATALOG_COMPILER_APPICON_NAME = AppIcon;
				ASSETCATALOG_COMPILER_GLOBAL_ACCENT_COLOR_NAME = AccentColor;
				CODE_SIGN_STYLE = Automatic;
				CURRENT_PROJECT_VERSION = 1;
				DEVELOPMENT_ASSET_PATHS = "\"SimmaSample/Preview Content\"";
				DEVELOPMENT_TEAM = GB3YZ5D3TJ;
				ENABLE_PREVIEWS = YES;
				GENERATE_INFOPLIST_FILE = YES;
				INFOPLIST_FILE = SimmaSample/Info.plist;
				INFOPLIST_KEY_UIApplicationSceneManifest_Generation = YES;
				INFOPLIST_KEY_UIApplicationSupportsIndirectInputEvents = YES;
				INFOPLIST_KEY_UILaunchScreen_Generation = YES;
				INFOPLIST_KEY_UISupportedInterfaceOrientations_iPad = "UIInterfaceOrientationPortrait UIInterfaceOrientationPortraitUpsideDown UIInterfaceOrientationLandscapeLeft UIInterfaceOrientationLandscapeRight";
				INFOPLIST_KEY_UISupportedInterfaceOrientations_iPhone = "UIInterfaceOrientationPortrait UIInterfaceOrientationLandscapeLeft UIInterfaceOrientationLandscapeRight";
				LD_RUNPATH_SEARCH_PATHS = (
					"$(inherited)",
					"@executable_path/Frameworks",
				);
				MARKETING_VERSION = 1.0;
				PRODUCT_BUNDLE_IDENTIFIER = com.hoslab.SimmaSample;
				PRODUCT_NAME = "$(TARGET_NAME)";
				SWIFT_EMIT_LOC_STRINGS = YES;
				SWIFT_VERSION = 5.0;
				TARGETED_DEVICE_FAMILY = "1,2";
			};
			name = Release;
		};
/* End XCBuildConfiguration section */

/* Begin XCConfigurationList section */
		6007BBF52B73A31E00D024D4 /* Build configuration list for PBXProject "SimmaSample" */ = {
			isa = XCConfigurationList;
			buildConfigurations = (
				6007BC062B73A31F00D024D4 /* Debug */,
				6007BC072B73A31F00D024D4 /* Release */,
			);
			defaultConfigurationIsVisible = 0;
			defaultConfigurationName = Release;
		};
		6007BC082B73A31F00D024D4 /* Build configuration list for PBXNativeTarget "SimmaSample" */ = {
			isa = XCConfigurationList;
			buildConfigurations = (
				6007BC092B73A31F00D024D4 /* Debug */,
				6007BC0A2B73A31F00D024D4 /* Release */,
			);
			defaultConfigurationIsVisible = 0;
			defaultConfigurationName = Release;
		};
/* End XCConfigurationList section */
	};
	rootObject = 6007BBF22B73A31E00D024D4 /* Project object */;
}
